
Microsoft Visual Studio Solution File, Format Version 12.00
# Visual Studio Version 17
VisualStudioVersion = 17.0.32014.148
MinimumVisualStudioVersion = 10.0.40219.1
Project("{FAE04EC0-301F-11D3-BF4B-00C04F79EFBC}") = "ArfaViewer", "ArfaViewer\ArfaViewer.csproj", "{C8B3789D-DDB9-4518-9677-38465F4FCA13}"
EndProject
Project("{FAE04EC0-301F-11D3-BF4B-00C04F79EFBC}") = "BaseClasses", "BaseClasses\BaseClasses.csproj", "{120079BA-3D0A-43CC-AA45-5FFD50721DEA}"
EndProject
Global
	GlobalSection(SolutionConfigurationPlatforms) = preSolution
		Debug|Any CPU = Debug|Any CPU
		Release|Any CPU = Release|Any CPU
	EndGlobalSection
	GlobalSection(ProjectConfigurationPlatforms) = postSolution
		{C8B3789D-DDB9-4518-9677-38465F4FCA13}.Debug|Any CPU.ActiveCfg = Debug|Any CPU
		{C8B3789D-DDB9-4518-9677-38465F4FCA13}.Debug|Any CPU.Build.0 = Debug|Any CPU
		{C8B3789D-DDB9-4518-9677-38465F4FCA13}.Release|Any CPU.ActiveCfg = Release|Any CPU
		{C8B3789D-DDB9-4518-9677-38465F4FCA13}.Release|Any CPU.Build.0 = Release|Any CPU
		{120079BA-3D0A-43CC-AA45-5FFD50721DEA}.Debug|Any CPU.ActiveCfg = Debug|Any CPU
		{120079BA-3D0A-43CC-AA45-5FFD50721DEA}.Debug|Any CPU.Build.0 = Debug|Any CPU
		{120079BA-3D0A-43CC-AA45-5FFD50721DEA}.Release|Any CPU.ActiveCfg = Release|Any CPU
		{120079BA-3D0A-43CC-AA45-5FFD50721DEA}.Release|Any CPU.Build.0 = Release|Any CPU
	EndGlobalSection
	GlobalSection(SolutionProperties) = preSolution
		HideSolutionNode = FALSE
	EndGlobalSection
	GlobalSection(ExtensibilityGlobals) = postSolution
		SolutionGuid = {E9A9E170-89E4-4BB3-9CE1-708E2EF3B849}
	EndGlobalSection
EndGlobal
